
Microsoft Visual Studio Solution File, Format Version 12.00
# Visual Studio Version 16
VisualStudioVersion = 16.0.32228.343
MinimumVisualStudioVersion = 10.0.40219.1
Project("{9A19103F-16F7-4668-BE54-9A1E7A4F7556}") = "LED Numbers", "LED Numbers.csproj", "{65149417-DBF9-4394-A002-37D7770BD8BA}"
EndProject
Global
	GlobalSection(SolutionConfigurationPlatforms) = preSolution
		Debug|Any CPU = Debug|Any CPU
		Release|Any CPU = Release|Any CPU
	EndGlobalSection
	GlobalSection(ProjectConfigurationPlatforms) = postSolution
		{65149417-DBF9-4394-A002-37D7770BD8BA}.Debug|Any CPU.ActiveCfg = Debug|Any CPU
		{65149417-DBF9-4394-A002-37D7770BD8BA}.Debug|Any CPU.Build.0 = Debug|Any CPU
		{65149417-DBF9-4394-A002-37D7770BD8BA}.Release|Any CPU.ActiveCfg = Release|Any CPU
		{65149417-DBF9-4394-A002-37D7770BD8BA}.Release|Any CPU.Build.0 = Release|Any CPU
	EndGlobalSection
	GlobalSection(SolutionProperties) = preSolution
		HideSolutionNode = FALSE
	EndGlobalSection
	GlobalSection(ExtensibilityGlobals) = postSolution
		SolutionGuid = {B4739390-A829-4FFB-86DA-53A425873C46}
	EndGlobalSection
EndGlobal
